
Microsoft Visual Studio Solution File, Format Version 12.00
# Visual Studio Version 16
VisualStudioVersion = 16.0.30503.244
MinimumVisualStudioVersion = 10.0.40219.1
Project("{FAE04EC0-301F-11D3-BF4B-00C04F79EFBC}") = "Estudiantes", "Estudiantes\Estudiantes.csproj", "{54C77E54-6D59-4F6D-9818-F6C03E0E6120}"
EndProject
Global
	GlobalSection(SolutionConfigurationPlatforms) = preSolution
		Debug|Any CPU = Debug|Any CPU
		Release|Any CPU = Release|Any CPU
	EndGlobalSection
	GlobalSection(ProjectConfigurationPlatforms) = postSolution
		{54C77E54-6D59-4F6D-9818-F6C03E0E6120}.Debug|Any CPU.ActiveCfg = Debug|Any CPU
		{54C77E54-6D59-4F6D-9818-F6C03E0E6120}.Debug|Any CPU.Build.0 = Debug|Any CPU
		{54C77E54-6D59-4F6D-9818-F6C03E0E6120}.Release|Any CPU.ActiveCfg = Release|Any CPU
		{54C77E54-6D59-4F6D-9818-F6C03E0E6120}.Release|Any CPU.Build.0 = Release|Any CPU
	EndGlobalSection
	GlobalSection(SolutionProperties) = preSolution
		HideSolutionNode = FALSE
	EndGlobalSection
	GlobalSection(ExtensibilityGlobals) = postSolution
		SolutionGuid = {8EFF156D-8017-4725-B128-CC9215AC23DD}
	EndGlobalSection
EndGlobal
